
Microsoft Visual Studio Solution File, Format Version 12.00
# Visual Studio Version 16
VisualStudioVersion = 16.0.31424.327
MinimumVisualStudioVersion = 10.0.40219.1
Project("{FAE04EC0-301F-11D3-BF4B-00C04F79EFBC}") = "Injeção", "Injeção\Injeção.csproj", "{674B8CEF-020B-45FE-850C-3947C01854D8}"
EndProject
Global
	GlobalSection(SolutionConfigurationPlatforms) = preSolution
		Debug|Any CPU = Debug|Any CPU
		Release|Any CPU = Release|Any CPU
	EndGlobalSection
	GlobalSection(ProjectConfigurationPlatforms) = postSolution
		{674B8CEF-020B-45FE-850C-3947C01854D8}.Debug|Any CPU.ActiveCfg = Debug|Any CPU
		{674B8CEF-020B-45FE-850C-3947C01854D8}.Debug|Any CPU.Build.0 = Debug|Any CPU
		{674B8CEF-020B-45FE-850C-3947C01854D8}.Release|Any CPU.ActiveCfg = Release|Any CPU
		{674B8CEF-020B-45FE-850C-3947C01854D8}.Release|Any CPU.Build.0 = Release|Any CPU
	EndGlobalSection
	GlobalSection(SolutionProperties) = preSolution
		HideSolutionNode = FALSE
	EndGlobalSection
	GlobalSection(ExtensibilityGlobals) = postSolution
		SolutionGuid = {56E9E711-E66A-4997-964E-A41521DB09A3}
	EndGlobalSection
EndGlobal
